
Microsoft Visual Studio Solution File, Format Version 12.00
# Visual Studio Version 16
VisualStudioVersion = 16.0.31702.278
MinimumVisualStudioVersion = 10.0.40219.1
Project("{FAE04EC0-301F-11D3-BF4B-00C04F79EFBC}") = "SistemaVenda", "SistemaVenda\SistemaVenda.csproj", "{336BE9BB-7A7D-4A80-A49B-8F54A5257004}"
EndProject
Global
	GlobalSection(SolutionConfigurationPlatforms) = preSolution
		Debug|Any CPU = Debug|Any CPU
		Release|Any CPU = Release|Any CPU
	EndGlobalSection
	GlobalSection(ProjectConfigurationPlatforms) = postSolution
		{336BE9BB-7A7D-4A80-A49B-8F54A5257004}.Debug|Any CPU.ActiveCfg = Debug|Any CPU
		{336BE9BB-7A7D-4A80-A49B-8F54A5257004}.Debug|Any CPU.Build.0 = Debug|Any CPU
		{336BE9BB-7A7D-4A80-A49B-8F54A5257004}.Release|Any CPU.ActiveCfg = Release|Any CPU
		{336BE9BB-7A7D-4A80-A49B-8F54A5257004}.Release|Any CPU.Build.0 = Release|Any CPU
	EndGlobalSection
	GlobalSection(SolutionProperties) = preSolution
		HideSolutionNode = FALSE
	EndGlobalSection
	GlobalSection(ExtensibilityGlobals) = postSolution
		SolutionGuid = {89176809-3BC3-4F01-A386-2A57BC931D79}
	EndGlobalSection
EndGlobal
